
Microsoft Visual Studio Solution File, Format Version 12.00
# Visual Studio Version 16
VisualStudioVersion = 16.0.31129.286
MinimumVisualStudioVersion = 10.0.40219.1
Project("{FAE04EC0-301F-11D3-BF4B-00C04F79EFBC}") = "Microcenter", "Microcenter\Microcenter.csproj", "{C05A4494-7FD1-4159-9A36-ABE14A66ADF5}"
EndProject
Global
	GlobalSection(SolutionConfigurationPlatforms) = preSolution
		Debug|Any CPU = Debug|Any CPU
		Release|Any CPU = Release|Any CPU
	EndGlobalSection
	GlobalSection(ProjectConfigurationPlatforms) = postSolution
		{C05A4494-7FD1-4159-9A36-ABE14A66ADF5}.Debug|Any CPU.ActiveCfg = Debug|Any CPU
		{C05A4494-7FD1-4159-9A36-ABE14A66ADF5}.Debug|Any CPU.Build.0 = Debug|Any CPU
		{C05A4494-7FD1-4159-9A36-ABE14A66ADF5}.Release|Any CPU.ActiveCfg = Release|Any CPU
		{C05A4494-7FD1-4159-9A36-ABE14A66ADF5}.Release|Any CPU.Build.0 = Release|Any CPU
	EndGlobalSection
	GlobalSection(SolutionProperties) = preSolution
		HideSolutionNode = FALSE
	EndGlobalSection
	GlobalSection(ExtensibilityGlobals) = postSolution
		SolutionGuid = {8A914804-F01D-43B7-BE6E-6F79460575E8}
	EndGlobalSection
EndGlobal
